
Microsoft Visual Studio Solution File, Format Version 12.00
# Visual Studio Version 16
VisualStudioVersion = 16.0.29503.13
MinimumVisualStudioVersion = 10.0.40219.1
Project("{FAE04EC0-301F-11D3-BF4B-00C04F79EFBC}") = "Modbus", "Modbus\Modbus.csproj", "{B6468DD5-58C4-4950-B3F6-DAF30A384F55}"
EndProject
Project("{FAE04EC0-301F-11D3-BF4B-00C04F79EFBC}") = "Test", "Test\Test.csproj", "{86FB5D0A-F67F-4C3B-86D3-2CF2E5A97D38}"
EndProject
Project("{FAE04EC0-301F-11D3-BF4B-00C04F79EFBC}") = "ModbusGUI", "ModbusGUI\ModbusGUI.csproj", "{7DF05CCD-334F-4B3C-ACF9-4EE070F23D8A}"
EndProject
Global
	GlobalSection(SolutionConfigurationPlatforms) = preSolution
		Debug|Any CPU = Debug|Any CPU
		Debug|Mixed Platforms = Debug|Mixed Platforms
		Debug|x86 = Debug|x86
		Release|Any CPU = Release|Any CPU
		Release|Mixed Platforms = Release|Mixed Platforms
		Release|x86 = Release|x86
	EndGlobalSection
	GlobalSection(ProjectConfigurationPlatforms) = postSolution
		{B6468DD5-58C4-4950-B3F6-DAF30A384F55}.Debug|Any CPU.ActiveCfg = Debug|Any CPU
		{B6468DD5-58C4-4950-B3F6-DAF30A384F55}.Debug|Any CPU.Build.0 = Debug|Any CPU
		{B6468DD5-58C4-4950-B3F6-DAF30A384F55}.Debug|Mixed Platforms.ActiveCfg = Debug|Any CPU
		{B6468DD5-58C4-4950-B3F6-DAF30A384F55}.Debug|Mixed Platforms.Build.0 = Debug|Any CPU
		{B6468DD5-58C4-4950-B3F6-DAF30A384F55}.Debug|x86.ActiveCfg = Debug|Any CPU
		{B6468DD5-58C4-4950-B3F6-DAF30A384F55}.Release|Any CPU.ActiveCfg = Release|Any CPU
		{B6468DD5-58C4-4950-B3F6-DAF30A384F55}.Release|Any CPU.Build.0 = Release|Any CPU
		{B6468DD5-58C4-4950-B3F6-DAF30A384F55}.Release|Mixed Platforms.ActiveCfg = Release|Any CPU
		{B6468DD5-58C4-4950-B3F6-DAF30A384F55}.Release|Mixed Platforms.Build.0 = Release|Any CPU
		{B6468DD5-58C4-4950-B3F6-DAF30A384F55}.Release|x86.ActiveCfg = Release|Any CPU
		{86FB5D0A-F67F-4C3B-86D3-2CF2E5A97D38}.Debug|Any CPU.ActiveCfg = Debug|Any CPU
		{86FB5D0A-F67F-4C3B-86D3-2CF2E5A97D38}.Debug|Any CPU.Build.0 = Debug|Any CPU
		{86FB5D0A-F67F-4C3B-86D3-2CF2E5A97D38}.Debug|Mixed Platforms.ActiveCfg = Debug|Any CPU
		{86FB5D0A-F67F-4C3B-86D3-2CF2E5A97D38}.Debug|Mixed Platforms.Build.0 = Debug|Any CPU
		{86FB5D0A-F67F-4C3B-86D3-2CF2E5A97D38}.Debug|x86.ActiveCfg = Debug|Any CPU
		{86FB5D0A-F67F-4C3B-86D3-2CF2E5A97D38}.Release|Any CPU.ActiveCfg = Release|Any CPU
		{86FB5D0A-F67F-4C3B-86D3-2CF2E5A97D38}.Release|Any CPU.Build.0 = Release|Any CPU
		{86FB5D0A-F67F-4C3B-86D3-2CF2E5A97D38}.Release|Mixed Platforms.ActiveCfg = Release|Any CPU
		{86FB5D0A-F67F-4C3B-86D3-2CF2E5A97D38}.Release|Mixed Platforms.Build.0 = Release|Any CPU
		{86FB5D0A-F67F-4C3B-86D3-2CF2E5A97D38}.Release|x86.ActiveCfg = Release|Any CPU
		{7DF05CCD-334F-4B3C-ACF9-4EE070F23D8A}.Debug|Any CPU.ActiveCfg = Debug|Any CPU
		{7DF05CCD-334F-4B3C-ACF9-4EE070F23D8A}.Debug|Any CPU.Build.0 = Debug|Any CPU
		{7DF05CCD-334F-4B3C-ACF9-4EE070F23D8A}.Debug|Mixed Platforms.ActiveCfg = Debug|Any CPU
		{7DF05CCD-334F-4B3C-ACF9-4EE070F23D8A}.Debug|Mixed Platforms.Build.0 = Debug|Any CPU
		{7DF05CCD-334F-4B3C-ACF9-4EE070F23D8A}.Debug|x86.ActiveCfg = Debug|Any CPU
		{7DF05CCD-334F-4B3C-ACF9-4EE070F23D8A}.Debug|x86.Build.0 = Debug|Any CPU
		{7DF05CCD-334F-4B3C-ACF9-4EE070F23D8A}.Release|Any CPU.ActiveCfg = Release|Any CPU
		{7DF05CCD-334F-4B3C-ACF9-4EE070F23D8A}.Release|Any CPU.Build.0 = Release|Any CPU
		{7DF05CCD-334F-4B3C-ACF9-4EE070F23D8A}.Release|Mixed Platforms.ActiveCfg = Release|Any CPU
		{7DF05CCD-334F-4B3C-ACF9-4EE070F23D8A}.Release|Mixed Platforms.Build.0 = Release|Any CPU
		{7DF05CCD-334F-4B3C-ACF9-4EE070F23D8A}.Release|x86.ActiveCfg = Release|Any CPU
		{7DF05CCD-334F-4B3C-ACF9-4EE070F23D8A}.Release|x86.Build.0 = Release|Any CPU
	EndGlobalSection
	GlobalSection(SolutionProperties) = preSolution
		HideSolutionNode = FALSE
	EndGlobalSection
	GlobalSection(ExtensibilityGlobals) = postSolution
		SolutionGuid = {837624CA-5A31-43FF-B011-BEBBA7B27BED}
	EndGlobalSection
EndGlobal
